# This file is @generated by PDM.
# It is not intended for manual editing.

[[package]]
name = "certifi"
version = "2023.5.7"
requires_python = ">=3.6"
summary = "Python package for providing Mozilla's CA Bundle."

[[package]]
name = "charset-normalizer"
version = "3.1.0"
requires_python = ">=3.7.0"
summary = "The Real First Universal Charset Detector. Open, modern and actively maintained alternative to Chardet."

[[package]]
name = "colorama"
version = "0.4.6"
requires_python = "!=3.0.*,!=3.1.*,!=3.2.*,!=3.3.*,!=3.4.*,!=3.5.*,!=3.6.*,>=2.7"
summary = "Cross-platform colored terminal text."

[[package]]
name = "idna"
version = "3.4"
requires_python = ">=3.5"
summary = "Internationalized Domain Names in Applications (IDNA)"

[[package]]
name = "loguru"
version = "0.7.0"
requires_python = ">=3.5"
summary = "Python logging made (stupidly) simple"
dependencies = [
    "colorama>=0.3.4; sys_platform == \"win32\"",
    "win32-setctime>=1.0.0; sys_platform == \"win32\"",
]

[[package]]
name = "pefile"
version = "2023.2.7"
requires_python = ">=3.6.0"
summary = "Python PE parsing module"

[[package]]
name = "requests"
version = "2.30.0"
requires_python = ">=3.7"
summary = "Python HTTP for Humans."
dependencies = [
    "certifi>=2017.4.17",
    "charset-normalizer<4,>=2",
    "idna<4,>=2.5",
    "urllib3<3,>=1.21.1",
]

[[package]]
name = "urllib3"
version = "2.0.2"
requires_python = ">=3.7"
summary = "HTTP library with thread-safe connection pooling, file post, and more."

[[package]]
name = "win32-setctime"
version = "1.1.0"
requires_python = ">=3.5"
summary = "A small Python utility to set file creation time on Windows"

[metadata]
lock_version = "4.2"
cross_platform = true
groups = ["default"]
content_hash = "sha256:0b0c8f5f536bb40e89629687bb80b5e8935849d3b87b9b86a2c87da0a9e32924"

[metadata.files]
"certifi 2023.5.7" = [
    {url = "https://files.pythonhosted.org/packages/93/71/752f7a4dd4c20d6b12341ed1732368546bc0ca9866139fe812f6009d9ac7/certifi-2023.5.7.tar.gz", hash = "sha256:0f0d56dc5a6ad56fd4ba36484d6cc34451e1c6548c61daad8c320169f91eddc7"},
    {url = "https://files.pythonhosted.org/packages/9d/19/59961b522e6757f0c9097e4493fa906031b95b3ebe9360b2c3083561a6b4/certifi-2023.5.7-py3-none-any.whl", hash = "sha256:c6c2e98f5c7869efca1f8916fed228dd91539f9f1b444c314c06eef02980c716"},
]
"charset-normalizer 3.1.0" = [
    {url = "https://files.pythonhosted.org/packages/00/47/f14533da238134f5067fb1d951eb03d5c4be895d6afb11c7ebd07d111acb/charset_normalizer-3.1.0-cp37-cp37m-manylinux_2_17_x86_64.manylinux2014_x86_64.whl", hash = "sha256:3a5fc78f9e3f501a1614a98f7c54d3969f3ad9bba8ba3d9b438c3bc5d047dd28"},
    {url = "https://files.pythonhosted.org/packages/01/c7/0407de35b70525dba2a58a2724a525cf882ee76c3d2171d834463c5d2881/charset_normalizer-3.1.0-cp38-cp38-manylinux_2_17_aarch64.manylinux2014_aarch64.whl", hash = "sha256:3573d376454d956553c356df45bb824262c397c6e26ce43e8203c4c540ee0acb"},
    {url = "https://files.pythonhosted.org/packages/05/f3/86b5fcb5c8fe8b4231362918a7c4d8f549c56561c5fdb495a3c5b41c6862/charset_normalizer-3.1.0-cp310-cp310-win_amd64.whl", hash = "sha256:65ed923f84a6844de5fd29726b888e58c62820e0769b76565480e1fdc3d062f8"},
    {url = "https://files.pythonhosted.org/packages/07/6b/98d41a0221991a806e88c95bfeecf8935fbf465b02eb4b469770d572183a/charset_normalizer-3.1.0-cp37-cp37m-win32.whl", hash = "sha256:4155b51ae05ed47199dc5b2a4e62abccb274cee6b01da5b895099b61b1982974"},
    {url = "https://files.pythonhosted.org/packages/0a/67/8d3d162ec6641911879651cdef670c3c6136782b711d7f8e82e2fffe06e0/charset_normalizer-3.1.0-cp311-cp311-macosx_10_9_x86_64.whl", hash = "sha256:6734e606355834f13445b6adc38b53c0fd45f1a56a9ba06c2058f86893ae8017"},
    {url = "https://files.pythonhosted.org/packages/12/12/c5c39f5a149cd6788d2e40cea5618bae37380e2754fcdf53dc9e01bdd33a/charset_normalizer-3.1.0-cp311-cp311-manylinux_2_17_ppc64le.manylinux2014_ppc64le.whl", hash = "sha256:3dc5b6a8ecfdc5748a7e429782598e4f17ef378e3e272eeb1340ea57c9109f41"},
    {url = "https://files.pythonhosted.org/packages/12/68/4812f9b05ac0a2b7619ac3dd7d7e3fc52c12006b84617021c615fc2fcf42/charset_normalizer-3.1.0-cp39-cp39-macosx_10_9_universal2.whl", hash = "sha256:38e812a197bf8e71a59fe55b757a84c1f946d0ac114acafaafaf21667a7e169e"},
    {url = "https://files.pythonhosted.org/packages/13/b7/21729a6d512246aa0bb872b90aea0d9fcd1b293762cdb1d1d33c01140074/charset_normalizer-3.1.0-cp38-cp38-musllinux_1_1_aarch64.whl", hash = "sha256:f645caaf0008bacf349875a974220f1f1da349c5dbe7c4ec93048cdc785a3326"},
    {url = "https://files.pythonhosted.org/packages/16/58/19fd2f62e6ff44ba0db0cd44b584790555e2cde09293149f4409d654811b/charset_normalizer-3.1.0-cp311-cp311-manylinux_2_5_i686.manylinux1_i686.manylinux_2_17_i686.manylinux2014_i686.whl", hash = "sha256:b82fab78e0b1329e183a65260581de4375f619167478dddab510c6c6fb04d9b6"},
    {url = "https://files.pythonhosted.org/packages/18/36/7ae10a3dd7f9117b61180671f8d1e4802080cca88ad40aaabd3dad8bab0e/charset_normalizer-3.1.0-cp311-cp311-manylinux_2_17_x86_64.manylinux2014_x86_64.whl", hash = "sha256:0ca564606d2caafb0abe6d1b5311c2649e8071eb241b2d64e75a0d0065107e62"},
    {url = "https://files.pythonhosted.org/packages/1c/9b/de2adc43345623da8e7c958719528a42b6d87d2601017ce1187d43b8a2d7/charset_normalizer-3.1.0-cp39-cp39-musllinux_1_1_i686.whl", hash = "sha256:10c93628d7497c81686e8e5e557aafa78f230cd9e77dd0c40032ef90c18f2230"},
    {url = "https://files.pythonhosted.org/packages/1f/be/c6c76cf8fcf6918922223203c83ba8192eff1c6a709e8cfec7f5ca3e7d2d/charset_normalizer-3.1.0-cp39-cp39-manylinux_2_17_s390x.manylinux2014_s390x.whl", hash = "sha256:d16fd5252f883eb074ca55cb622bc0bee49b979ae4e8639fff6ca3ff44f9f854"},
    {url = "https://files.pythonhosted.org/packages/21/16/1b0d8fdcb81bbf180976af4f867ce0f2244d303ab10d452fde361dec3b5c/charset_normalizer-3.1.0-cp311-cp311-musllinux_1_1_i686.whl", hash = "sha256:11d117e6c63e8f495412d37e7dc2e2fff09c34b2d09dbe2bee3c6229577818be"},
    {url = "https://files.pythonhosted.org/packages/23/13/cf5d7bb5bc95f120df64d6c470581189df51d7f011560b2a06a395b7a120/charset_normalizer-3.1.0-cp310-cp310-musllinux_1_1_ppc64le.whl", hash = "sha256:b06f0d3bf045158d2fb8837c5785fe9ff9b8c93358be64461a1089f5da983137"},
    {url = "https://files.pythonhosted.org/packages/26/20/83e1804a62b25891c4e770c94d9fd80233bbb3f2a51c4fadee7a196e5a5b/charset_normalizer-3.1.0-cp38-cp38-win_amd64.whl", hash = "sha256:3160a0fd9754aab7d47f95a6b63ab355388d890163eb03b2d2b87ab0a30cfa59"},
    {url = "https://files.pythonhosted.org/packages/2c/2f/ec805104098085728b7cb610deede7195c6fa59f51942422f02cc427b6f6/charset_normalizer-3.1.0-cp38-cp38-manylinux_2_5_i686.manylinux1_i686.manylinux_2_17_i686.manylinux2014_i686.whl", hash = "sha256:1c60b9c202d00052183c9be85e5eaf18a4ada0a47d188a83c8f5c5b23252f649"},
    {url = "https://files.pythonhosted.org/packages/2e/25/3eab2b38fef9ae59f7b4e9c1e62eb50609d911867e5acabace95fe25c0b1/charset_normalizer-3.1.0-cp310-cp310-win32.whl", hash = "sha256:12d1a39aa6b8c6f6248bb54550efcc1c38ce0d8096a146638fd4738e42284448"},
    {url = "https://files.pythonhosted.org/packages/31/8b/81c3515a69d06b501fcce69506af57a7a19bd9f42cabd1a667b1b40f2c55/charset_normalizer-3.1.0-cp38-cp38-musllinux_1_1_ppc64le.whl", hash = "sha256:80d1543d58bd3d6c271b66abf454d437a438dff01c3e62fdbcd68f2a11310d4b"},
    {url = "https://files.pythonhosted.org/packages/33/10/c87ba15f779f8251ae55fa147631339cd91e7af51c3c133d2687c6e41800/charset_normalizer-3.1.0-cp38-cp38-musllinux_1_1_i686.whl", hash = "sha256:ea9f9c6034ea2d93d9147818f17c2a0860d41b71c38b9ce4d55f21b6f9165a11"},
    {url = "https://files.pythonhosted.org/packages/33/97/9967fb2d364a9da38557e4af323abcd58cc05bdd8f77e9fd5ae4882772cc/charset_normalizer-3.1.0-cp39-cp39-manylinux_2_17_x86_64.manylinux2014_x86_64.whl", hash = "sha256:21fa558996782fc226b529fdd2ed7866c2c6ec91cee82735c98a197fae39f706"},
    {url = "https://files.pythonhosted.org/packages/45/3d/fa2683f5604f99fba5098a7313e5d4846baaecbee754faf115907f21a85f/charset_normalizer-3.1.0-cp39-cp39-manylinux_2_17_ppc64le.manylinux2014_ppc64le.whl", hash = "sha256:b116502087ce8a6b7a5f1814568ccbd0e9f6cfd99948aa59b0e241dc57cf739f"},
    {url = "https://files.pythonhosted.org/packages/4e/11/f7077d78b18aca8ea3186a706c0221aa2bc34c442a3d3bdf3ad401a29052/charset_normalizer-3.1.0-cp39-cp39-musllinux_1_1_aarch64.whl", hash = "sha256:ac3775e3311661d4adace3697a52ac0bab17edd166087d493b52d4f4f553f9f0"},
    {url = "https://files.pythonhosted.org/packages/4f/18/92866f050f7114ba38aba4f4a69f83cc2a25dc2e5a8af4b44fd1bfd6d528/charset_normalizer-3.1.0-cp37-cp37m-musllinux_1_1_aarch64.whl", hash = "sha256:74db0052d985cf37fa111828d0dd230776ac99c740e1a758ad99094be4f1803d"},
    {url = "https://files.pythonhosted.org/packages/4f/7c/af43743567a7da2a069b4f9fa31874c3c02b963cd1fb84fe1e7568a567e6/charset_normalizer-3.1.0-cp39-cp39-musllinux_1_1_ppc64le.whl", hash = "sha256:6f4f4668e1831850ebcc2fd0b1cd11721947b6dc7c00bf1c6bd3c929ae14f2c7"},
    {url = "https://files.pythonhosted.org/packages/4f/a2/9031ba4a008e11a21d7b7aa41751290d2f2035a2f14ecb6e589771a17c47/charset_normalizer-3.1.0-cp310-cp310-macosx_10_9_universal2.whl", hash = "sha256:e0ac8959c929593fee38da1c2b64ee9778733cdf03c482c9ff1d508b6b593b2b"},
    {url = "https://files.pythonhosted.org/packages/56/24/5f2dedcf3d0673931b6200c410832ae44b376848bc899dbf1fa6c91c4ebe/charset_normalizer-3.1.0-cp311-cp311-musllinux_1_1_x86_64.whl", hash = "sha256:cb7b2ab0188829593b9de646545175547a70d9a6e2b63bf2cd87a0a391599324"},
    {url = "https://files.pythonhosted.org/packages/5d/2b/4d8c80400c04ae3c8dbc847de092e282b5c7b17f8f9505d68bb3e5815c71/charset_normalizer-3.1.0-cp311-cp311-musllinux_1_1_ppc64le.whl", hash = "sha256:cf6511efa4801b9b38dc5546d7547d5b5c6ef4b081c60b23e4d941d0eba9cbeb"},
    {url = "https://files.pythonhosted.org/packages/61/e3/ad9ae58b28482d1069eba1edec2be87701f5dd6fd6024a665020d66677a0/charset_normalizer-3.1.0-cp37-cp37m-manylinux_2_5_i686.manylinux1_i686.manylinux_2_17_i686.manylinux2014_i686.whl", hash = "sha256:628c985afb2c7d27a4800bfb609e03985aaecb42f955049957814e0491d4006d"},
    {url = "https://files.pythonhosted.org/packages/67/30/dbab1fe5ab2ce5d3d517ad9936170d896e9687f3860a092519f1fe359812/charset_normalizer-3.1.0-cp38-cp38-manylinux_2_17_ppc64le.manylinux2014_ppc64le.whl", hash = "sha256:e89df2958e5159b811af9ff0f92614dabf4ff617c03a4c1c6ff53bf1c399e0e1"},
    {url = "https://files.pythonhosted.org/packages/67/df/660e9665ace7ad711e275194a86cb757fb4d4e513fae5ff3d39573db4984/charset_normalizer-3.1.0-cp310-cp310-macosx_10_9_x86_64.whl", hash = "sha256:d7fc3fca01da18fbabe4625d64bb612b533533ed10045a2ac3dd194bfa656b60"},
    {url = "https://files.pythonhosted.org/packages/68/77/af702eba147ba963b27eb00832cef6b8c4cb9fcf7404a476993876434b93/charset_normalizer-3.1.0-cp38-cp38-musllinux_1_1_s390x.whl", hash = "sha256:73dc03a6a7e30b7edc5b01b601e53e7fc924b04e1835e8e407c12c037e81adbd"},
    {url = "https://files.pythonhosted.org/packages/69/22/66351781e668158feef71c5e3b059a79ecc9efc3ef84a45888b0f3a933d5/charset_normalizer-3.1.0-cp310-cp310-manylinux_2_17_ppc64le.manylinux2014_ppc64le.whl", hash = "sha256:1435ae15108b1cb6fffbcea2af3d468683b7afed0169ad718451f8db5d1aff6f"},
    {url = "https://files.pythonhosted.org/packages/6d/59/59a3f4d8a59ee270da77f9e954a0e284c9d6884d39ec69d696d9aa5ff2f2/charset_normalizer-3.1.0-cp310-cp310-manylinux_2_17_aarch64.manylinux2014_aarch64.whl", hash = "sha256:20064ead0717cf9a73a6d1e779b23d149b53daf971169289ed2ed43a71e8d3b0"},
    {url = "https://files.pythonhosted.org/packages/72/90/667a6bc6abe42fc10adf4cd2c1e1c399d78e653dbac4c8018350843d4ab7/charset_normalizer-3.1.0-cp310-cp310-manylinux_2_17_s390x.manylinux2014_s390x.whl", hash = "sha256:c84132a54c750fda57729d1e2599bb598f5fa0344085dbde5003ba429a4798c0"},
    {url = "https://files.pythonhosted.org/packages/74/5f/361202de730532028458b729781b8435f320e31a622c27f30e25eec80513/charset_normalizer-3.1.0-cp38-cp38-manylinux_2_17_x86_64.manylinux2014_x86_64.whl", hash = "sha256:de5695a6f1d8340b12a5d6d4484290ee74d61e467c39ff03b39e30df62cf83a0"},
    {url = "https://files.pythonhosted.org/packages/74/f1/d0b8385b574f7e086fb6709e104b696707bd3742d54a6caf0cebbb7e975b/charset_normalizer-3.1.0-cp310-cp310-musllinux_1_1_s390x.whl", hash = "sha256:49919f8400b5e49e961f320c735388ee686a62327e773fa5b3ce6721f7e785ce"},
    {url = "https://files.pythonhosted.org/packages/76/ad/516fed8ffaf02e7a01cd6f6e9d101a6dec64d4db53bec89d30802bf30a96/charset_normalizer-3.1.0-cp38-cp38-win32.whl", hash = "sha256:12a2b561af122e3d94cdb97fe6fb2bb2b82cef0cdca131646fdb940a1eda04f0"},
    {url = "https://files.pythonhosted.org/packages/82/b9/51b66a647be8685dee75b7807e0f750edf5c1e4f29bc562ad285c501e3c7/charset_normalizer-3.1.0-cp37-cp37m-musllinux_1_1_x86_64.whl", hash = "sha256:d2686f91611f9e17f4548dbf050e75b079bbc2a82be565832bc8ea9047b61c8c"},
    {url = "https://files.pythonhosted.org/packages/84/23/f60cda6c70ae922ad78368982f06e7fef258fba833212f26275fe4727dc4/charset_normalizer-3.1.0-cp37-cp37m-musllinux_1_1_s390x.whl", hash = "sha256:dd5653e67b149503c68c4018bf07e42eeed6b4e956b24c00ccdf93ac79cdff84"},
    {url = "https://files.pythonhosted.org/packages/85/e8/18d408d8fe29a56012c10d6b15960940b83f06620e9d7481581cdc6d9901/charset_normalizer-3.1.0-cp311-cp311-macosx_11_0_arm64.whl", hash = "sha256:f8303414c7b03f794347ad062c0516cee0e15f7a612abd0ce1e25caf6ceb47df"},
    {url = "https://files.pythonhosted.org/packages/94/70/23981e7bf098efbc4037e7c66d28a10e950d9296c08c6dea8ef290f9c79e/charset_normalizer-3.1.0-cp39-cp39-manylinux_2_5_i686.manylinux1_i686.manylinux_2_17_i686.manylinux2014_i686.whl", hash = "sha256:6f6c7a8a57e9405cad7485f4c9d3172ae486cfef1344b5ddd8e5239582d7355e"},
    {url = "https://files.pythonhosted.org/packages/9a/f1/ff81439aa09070fee64173e6ca6ce1342f2b1cca997bcaae89e443812684/charset_normalizer-3.1.0-cp37-cp37m-manylinux_2_17_s390x.manylinux2014_s390x.whl", hash = "sha256:c3af8e0f07399d3176b179f2e2634c3ce9c1301379a6b8c9c9aeecd481da494f"},
    {url = "https://files.pythonhosted.org/packages/9e/62/a1e0a8f8830c92014602c8a88a1a20b8a68d636378077381f671e6e1cec9/charset_normalizer-3.1.0-cp311-cp311-manylinux_2_17_aarch64.manylinux2014_aarch64.whl", hash = "sha256:aaf53a6cebad0eae578f062c7d462155eada9c172bd8c4d250b8c1d8eb7f916a"},
    {url = "https://files.pythonhosted.org/packages/a2/6c/5167f08da5298f383036c33cb749ab5b3405fd07853edc8314c6882c01b8/charset_normalizer-3.1.0-cp39-cp39-musllinux_1_1_s390x.whl", hash = "sha256:0be65ccf618c1e7ac9b849c315cc2e8a8751d9cfdaa43027d4f6624bd587ab7e"},
    {url = "https://files.pythonhosted.org/packages/a4/03/355281b62c26712a50c6a9dd75339d8cdd58488fd7bf2556ba1320ebd315/charset_normalizer-3.1.0-cp37-cp37m-musllinux_1_1_i686.whl", hash = "sha256:1e8fcdd8f672a1c4fc8d0bd3a2b576b152d2a349782d1eb0f6b8e52e9954731d"},
    {url = "https://files.pythonhosted.org/packages/a9/83/138d2624fdbcb62b7e14715eb721d44347e41a1b4c16544661e940793f49/charset_normalizer-3.1.0-cp39-cp39-musllinux_1_1_x86_64.whl", hash = "sha256:53d0a3fa5f8af98a1e261de6a3943ca631c526635eb5817a87a59d9a57ebf48f"},
    {url = "https://files.pythonhosted.org/packages/ac/7f/62d5dff4e9cb993e4b0d4ea78a74cc84d7d92120879529e0ce0965765936/charset_normalizer-3.1.0-cp39-cp39-macosx_11_0_arm64.whl", hash = "sha256:8f25e17ab3039b05f762b0a55ae0b3632b2e073d9c8fc88e89aca31a6198e88f"},
    {url = "https://files.pythonhosted.org/packages/ac/c5/990bc41a98b7fa2677c665737fdf278bb74ad4b199c56b6b564b3d4cbfc5/charset_normalizer-3.1.0-cp38-cp38-macosx_10_9_x86_64.whl", hash = "sha256:3a06f32c9634a8705f4ca9946d667609f52cf130d5548881401f1eb2c39b1e2c"},
    {url = "https://files.pythonhosted.org/packages/ad/83/994bfca99e29f1bab66b9248e739360ee70b5aae0a5ee488cd776501edbc/charset_normalizer-3.1.0-cp311-cp311-win_amd64.whl", hash = "sha256:cca4def576f47a09a943666b8f829606bcb17e2bc2d5911a46c8f8da45f56755"},
    {url = "https://files.pythonhosted.org/packages/b0/55/d8ef4c8c7d2a8b3a16e7d9b03c59475c2ee96a0e0c90b14c99faaac0ee3b/charset_normalizer-3.1.0-cp38-cp38-musllinux_1_1_x86_64.whl", hash = "sha256:6f5c2e7bc8a4bf7c426599765b1bd33217ec84023033672c1e9a8b35eaeaaaf8"},
    {url = "https://files.pythonhosted.org/packages/bb/dc/58fdef3ab85e8e7953a8b89ef1d2c06938b8ad88d9617f22967e1a90e6b8/charset_normalizer-3.1.0-cp310-cp310-manylinux_2_5_i686.manylinux1_i686.manylinux_2_17_i686.manylinux2014_i686.whl", hash = "sha256:11d3bcb7be35e7b1bba2c23beedac81ee893ac9871d0ba79effc7fc01167db6c"},
    {url = "https://files.pythonhosted.org/packages/bc/08/7e7c97399806366ca515a049c3a1e4b644a6a2048bed16e5e67bfaafd0aa/charset_normalizer-3.1.0-cp311-cp311-win32.whl", hash = "sha256:c36bcbc0d5174a80d6cccf43a0ecaca44e81d25be4b7f90f0ed7bcfbb5a00909"},
    {url = "https://files.pythonhosted.org/packages/bc/92/ac692a303e53cdc8852ce72b1ac364b493ca5c9206a5c8db5b30a7f3019c/charset_normalizer-3.1.0-cp39-cp39-win32.whl", hash = "sha256:a04f86f41a8916fe45ac5024ec477f41f886b3c435da2d4e3d2709b22ab02af1"},
    {url = "https://files.pythonhosted.org/packages/c2/35/dfb4032f5712747d3dcfdd19d0768f6d8f60910ae24ed066ecbf442be013/charset_normalizer-3.1.0-cp310-cp310-musllinux_1_1_aarch64.whl", hash = "sha256:891cf9b48776b5c61c700b55a598621fdb7b1e301a550365571e9624f270c203"},
    {url = "https://files.pythonhosted.org/packages/c6/ab/43ea052756b2f2dcb6a131897811c0e2704b0288f090336217d3346cd682/charset_normalizer-3.1.0-cp310-cp310-macosx_11_0_arm64.whl", hash = "sha256:04eefcee095f58eaabe6dc3cc2262f3bcd776d2c67005880894f447b3f2cb9c1"},
    {url = "https://files.pythonhosted.org/packages/c9/8c/a76dd9f2c8803eb147e1e715727f5c3ba0ef39adaadf66a7b3698c113180/charset_normalizer-3.1.0-cp311-cp311-musllinux_1_1_aarch64.whl", hash = "sha256:bd7163182133c0c7701b25e604cf1611c0d87712e56e88e7ee5d72deab3e76b5"},
    {url = "https://files.pythonhosted.org/packages/cc/f6/21a66e524658bd1dd7b89ac9d1ee8f7823f2d9701a2fbc458ab9ede53c63/charset_normalizer-3.1.0-cp310-cp310-manylinux_2_17_x86_64.manylinux2014_x86_64.whl", hash = "sha256:75f2568b4189dda1c567339b48cba4ac7384accb9c2a7ed655cd86b04055c795"},
    {url = "https://files.pythonhosted.org/packages/d1/ff/51fe7e6446415f143b159740c727850172bc35622b2a06dde3354bdebaf3/charset_normalizer-3.1.0-cp39-cp39-win_amd64.whl", hash = "sha256:830d2948a5ec37c386d3170c483063798d7879037492540f10a475e3fd6f244b"},
    {url = "https://files.pythonhosted.org/packages/d5/92/86c0f0e66e897f6818c46dadef328a5b345d061688f9960fc6ca1fd03dbe/charset_normalizer-3.1.0-cp39-cp39-macosx_10_9_x86_64.whl", hash = "sha256:6baf0baf0d5d265fa7944feb9f7451cc316bfe30e8df1a61b1bb08577c554f31"},
    {url = "https://files.pythonhosted.org/packages/d7/4c/37ad75674e8c6bc22ab01bef673d2d6e46ee44203498c9a26aa23959afe5/charset_normalizer-3.1.0-cp311-cp311-manylinux_2_17_s390x.manylinux2014_s390x.whl", hash = "sha256:e1b25e3ad6c909f398df8921780d6a3d120d8c09466720226fc621605b6f92b1"},
    {url = "https://files.pythonhosted.org/packages/d8/ca/a7ff600781bf1e5f702ba26bb82f2ba1d3a873a3f8ad73cc44c79dfaefa9/charset_normalizer-3.1.0-cp38-cp38-macosx_11_0_arm64.whl", hash = "sha256:7381c66e0561c5757ffe616af869b916c8b4e42b367ab29fedc98481d1e74e14"},
    {url = "https://files.pythonhosted.org/packages/dd/39/6276cf5a395ffd39b77dadf0e2fcbfca8dbfe48c56ada250c40086055143/charset_normalizer-3.1.0-cp37-cp37m-manylinux_2_17_ppc64le.manylinux2014_ppc64le.whl", hash = "sha256:ac0aa6cd53ab9a31d397f8303f92c42f534693528fafbdb997c82bae6e477ad9"},
    {url = "https://files.pythonhosted.org/packages/e1/7c/398600268fc98b7e007f5a716bd60903fff1ecff75e45f5700212df5cd76/charset_normalizer-3.1.0-cp311-cp311-macosx_10_9_universal2.whl", hash = "sha256:9a3267620866c9d17b959a84dd0bd2d45719b817245e49371ead79ed4f710d19"},
    {url = "https://files.pythonhosted.org/packages/e1/b4/53678b2a14e0496fc167fe9b9e726ad33d670cfd2011031aa5caeee6b784/charset_normalizer-3.1.0-cp37-cp37m-macosx_10_9_x86_64.whl", hash = "sha256:0c95f12b74681e9ae127728f7e5409cbbef9cd914d5896ef238cc779b8152373"},
    {url = "https://files.pythonhosted.org/packages/e5/aa/9d2d60d6a566423da96c15cd11cbb88a70f9aff9a4db096094ee19179cab/charset_normalizer-3.1.0-cp311-cp311-musllinux_1_1_s390x.whl", hash = "sha256:abc1185d79f47c0a7aaf7e2412a0eb2c03b724581139193d2d82b3ad8cbb00ac"},
    {url = "https://files.pythonhosted.org/packages/e6/98/a3f65f57651da1cecaed91d6f75291995d56c97442fa2a43d2a421139adf/charset_normalizer-3.1.0-cp37-cp37m-win_amd64.whl", hash = "sha256:322102cdf1ab682ecc7d9b1c5eed4ec59657a65e1c146a0da342b78f4112db23"},
    {url = "https://files.pythonhosted.org/packages/ea/38/d31c7906c4be13060c1a5034087966774ef33ab57ff2eee76d71265173c3/charset_normalizer-3.1.0-cp38-cp38-macosx_10_9_universal2.whl", hash = "sha256:e633940f28c1e913615fd624fcdd72fdba807bf53ea6925d6a588e84e1151531"},
    {url = "https://files.pythonhosted.org/packages/ef/81/14b3b8f01ddaddad6cdec97f2f599aa2fa466bd5ee9af99b08b7713ccd29/charset_normalizer-3.1.0-py3-none-any.whl", hash = "sha256:3d9098b479e78c85080c98e1e35ff40b4a31d8953102bb0fd7d1b6f8a2111a3d"},
    {url = "https://files.pythonhosted.org/packages/f2/b7/e21e16c98575616f4ce09dc766dbccdac0ca119c176b184d46105e971a84/charset_normalizer-3.1.0-cp37-cp37m-manylinux_2_17_aarch64.manylinux2014_aarch64.whl", hash = "sha256:fca62a8301b605b954ad2e9c3666f9d97f63872aa4efcae5492baca2056b74ab"},
    {url = "https://files.pythonhosted.org/packages/f2/d7/6ee92c11eda3f3c9cac1e059901092bfdf07388be7d2e60ac627527eee62/charset_normalizer-3.1.0-cp310-cp310-musllinux_1_1_i686.whl", hash = "sha256:5f008525e02908b20e04707a4f704cd286d94718f48bb33edddc7d7b584dddc1"},
    {url = "https://files.pythonhosted.org/packages/f4/0a/8c03913ed1eca9d831db0c28759edb6ce87af22bb55dbc005a52525a75b6/charset_normalizer-3.1.0-cp310-cp310-musllinux_1_1_x86_64.whl", hash = "sha256:22908891a380d50738e1f978667536f6c6b526a2064156203d418f4856d6e86a"},
    {url = "https://files.pythonhosted.org/packages/f6/0f/de1c4030fd669e6719277043e3b0f152a83c118dd1020cf85b51d443d04a/charset_normalizer-3.1.0-cp39-cp39-manylinux_2_17_aarch64.manylinux2014_aarch64.whl", hash = "sha256:3747443b6a904001473370d7810aa19c3a180ccd52a7157aacc264a5ac79265e"},
    {url = "https://files.pythonhosted.org/packages/f8/ed/500609cb2457b002242b090c814549997424d72690ef3058cfdfca91f68b/charset_normalizer-3.1.0-cp38-cp38-manylinux_2_17_s390x.manylinux2014_s390x.whl", hash = "sha256:78cacd03e79d009d95635e7d6ff12c21eb89b894c354bd2b2ed0b4763373693b"},
    {url = "https://files.pythonhosted.org/packages/fa/8e/2e5c742c3082bce3eea2ddd5b331d08050cda458bc362d71c48e07a44719/charset_normalizer-3.1.0-cp37-cp37m-musllinux_1_1_ppc64le.whl", hash = "sha256:04afa6387e2b282cf78ff3dbce20f0cc071c12dc8f685bd40960cc68644cfea6"},
    {url = "https://files.pythonhosted.org/packages/ff/d7/8d757f8bd45be079d76309248845a04f09619a7b17d6dfc8c9ff6433cac2/charset-normalizer-3.1.0.tar.gz", hash = "sha256:34e0a2f9c370eb95597aae63bf85eb5e96826d81e3dcf88b8886012906f509b5"},
]
"colorama 0.4.6" = [
    {url = "https://files.pythonhosted.org/packages/d1/d6/3965ed04c63042e047cb6a3e6ed1a63a35087b6a609aa3a15ed8ac56c221/colorama-0.4.6-py2.py3-none-any.whl", hash = "sha256:4f1d9991f5acc0ca119f9d443620b77f9d6b33703e51011c16baf57afb285fc6"},
    {url = "https://files.pythonhosted.org/packages/d8/53/6f443c9a4a8358a93a6792e2acffb9d9d5cb0a5cfd8802644b7b1c9a02e4/colorama-0.4.6.tar.gz", hash = "sha256:08695f5cb7ed6e0531a20572697297273c47b8cae5a63ffc6d6ed5c201be6e44"},
]
"idna 3.4" = [
    {url = "https://files.pythonhosted.org/packages/8b/e1/43beb3d38dba6cb420cefa297822eac205a277ab43e5ba5d5c46faf96438/idna-3.4.tar.gz", hash = "sha256:814f528e8dead7d329833b91c5faa87d60bf71824cd12a7530b5526063d02cb4"},
    {url = "https://files.pythonhosted.org/packages/fc/34/3030de6f1370931b9dbb4dad48f6ab1015ab1d32447850b9fc94e60097be/idna-3.4-py3-none-any.whl", hash = "sha256:90b77e79eaa3eba6de819a0c442c0b4ceefc341a7a2ab77d7562bf49f425c5c2"},
]
"loguru 0.7.0" = [
    {url = "https://files.pythonhosted.org/packages/0c/1d/697cbb4ae54217784c1c4805696efb2fd7a1cbbe4827264a80a49e52b828/loguru-0.7.0.tar.gz", hash = "sha256:1612053ced6ae84d7959dd7d5e431a0532642237ec21f7fd83ac73fe539e03e1"},
    {url = "https://files.pythonhosted.org/packages/71/bd/337f7a0cd2628c4c77512d78e26f93b13c327a2ddf2132001dd78c000bf4/loguru-0.7.0-py3-none-any.whl", hash = "sha256:b93aa30099fa6860d4727f1b81f8718e965bb96253fa190fab2077aaad6d15d3"},
]
"pefile 2023.2.7" = [
    {url = "https://files.pythonhosted.org/packages/55/26/d0ad8b448476d0a1e8d3ea5622dc77b916db84c6aa3cb1e1c0965af948fc/pefile-2023.2.7-py3-none-any.whl", hash = "sha256:da185cd2af68c08a6cd4481f7325ed600a88f6a813bad9dea07ab3ef73d8d8d6"},
    {url = "https://files.pythonhosted.org/packages/78/c5/3b3c62223f72e2360737fd2a57c30e5b2adecd85e70276879609a7403334/pefile-2023.2.7.tar.gz", hash = "sha256:82e6114004b3d6911c77c3953e3838654b04511b8b66e8583db70c65998017dc"},
]
"requests 2.30.0" = [
    {url = "https://files.pythonhosted.org/packages/96/80/034ffeca15c0f4e01b7b9c6ad0fb704b44e190cde4e757edbd60be404c41/requests-2.30.0-py3-none-any.whl", hash = "sha256:10e94cc4f3121ee6da529d358cdaeaff2f1c409cd377dbc72b825852f2f7e294"},
    {url = "https://files.pythonhosted.org/packages/e0/69/122171604bcef06825fa1c05bd9e9b1d43bc9feb8c6c0717c42c92cc6f3c/requests-2.30.0.tar.gz", hash = "sha256:239d7d4458afcb28a692cdd298d87542235f4ca8d36d03a15bfc128a6559a2f4"},
]
"urllib3 2.0.2" = [
    {url = "https://files.pythonhosted.org/packages/4b/1d/f8383ef593114755429c307449e7717b87044b3bcd5f7860b89b1f759e34/urllib3-2.0.2-py3-none-any.whl", hash = "sha256:d055c2f9d38dc53c808f6fdc8eab7360b6fdbbde02340ed25cfbcd817c62469e"},
    {url = "https://files.pythonhosted.org/packages/fb/c0/1abba1a1233b81cf2e36f56e05194f5e8a0cec8c03c244cab56cc9dfb5bd/urllib3-2.0.2.tar.gz", hash = "sha256:61717a1095d7e155cdb737ac7bb2f4324a858a1e2e6466f6d03ff630ca68d3cc"},
]
"win32-setctime 1.1.0" = [
    {url = "https://files.pythonhosted.org/packages/0a/e6/a7d828fef907843b2a5773ebff47fb79ac0c1c88d60c0ca9530ee941e248/win32_setctime-1.1.0-py3-none-any.whl", hash = "sha256:231db239e959c2fe7eb1d7dc129f11172354f98361c4fa2d6d2d7e278baa8aad"},
    {url = "https://files.pythonhosted.org/packages/6b/dd/f95a13d2b235a28d613ba23ebad55191514550debb968b46aab99f2e3a30/win32_setctime-1.1.0.tar.gz", hash = "sha256:15cf5750465118d6929ae4de4eb46e8edae9a5634350c01ba582df868e932cb2"},
]
